
Microsoft Visual Studio Solution File, Format Version 12.00
# Visual Studio Version 17
VisualStudioVersion = 17.4.33213.308
MinimumVisualStudioVersion = 10.0.40219.1
Project("{FAE04EC0-301F-11D3-BF4B-00C04F79EFBC}") = "ToursApp", "ToursApp\ToursApp.csproj", "{D990183A-1424-4169-9F38-554198B57762}"
EndProject
Global
	GlobalSection(SolutionConfigurationPlatforms) = preSolution
		Debug|Any CPU = Debug|Any CPU
		Release|Any CPU = Release|Any CPU
	EndGlobalSection
	GlobalSection(ProjectConfigurationPlatforms) = postSolution
		{D990183A-1424-4169-9F38-554198B57762}.Debug|Any CPU.ActiveCfg = Debug|Any CPU
		{D990183A-1424-4169-9F38-554198B57762}.Debug|Any CPU.Build.0 = Debug|Any CPU
		{D990183A-1424-4169-9F38-554198B57762}.Release|Any CPU.ActiveCfg = Release|Any CPU
		{D990183A-1424-4169-9F38-554198B57762}.Release|Any CPU.Build.0 = Release|Any CPU
	EndGlobalSection
	GlobalSection(SolutionProperties) = preSolution
		HideSolutionNode = FALSE
	EndGlobalSection
	GlobalSection(ExtensibilityGlobals) = postSolution
		SolutionGuid = {5C5EFCEB-CC77-4BC7-B63D-A6CC440091A1}
	EndGlobalSection
EndGlobal
